github.com/gohugoio/hugo-mod-bootstrap-scss/v5 v5.20300.20200 h1:SmpwwN3DNzJWbV+IT8gaFu07ENUFpCvKou5BHYUKuVs=
github.com/gohugoio/hugo-mod-bootstrap-scss/v5 v5.20300.20200/go.mod h1:kx8MBj9T7SFR8ZClWvKZPmmUxBaltkoXvnWlZZcSnYA=
github.com/gohugoio/hugo-mod-jslibs-dist/popperjs/v2 v2.21100.20000/go.mod h1:mFberT6ZtcchrsDtfvJM7aAH2bDKLdOnruUHl0hlapI=
github.com/hugomods/bootstrap v0.17.0 h1:oH+V92q5W/kye9QPSQdZXYsO3V2wyfkAjdYLPFIfjPI=
github.com/hugomods/bootstrap v0.17.0/go.mod h1:EA5CtuNQX+aNkwEt1xae7clZ+4087KFXWZGE+2/f5oc=
github.com/hugomods/icons v0.6.0 h1:G6RU93okhPPRDh/jqcew9gwkcYpSpg0rCBv4S6yUAFw=
github.com/hugomods/icons v0.6.0/go.mod h1:cIkSvK6W0q6N4U6n9KGz+QfRWQXAW0INd+1P31gPNGg=
github.com/hugomods/images v0.9.0 h1:qPIJisJw5cSN6xsUYpmBeGVQ6tFE8JphJkUhOkumsxI=
github.com/hugomods/images v0.9.0/go.mod h1:U6Gwj16LKvk66rOMyGFrnF6f0aV8lT89lqOsckOAjYY=
github.com/thkukuk/hugo-photoswipe5-gallery v0.0.0-20230911061506-e2a52e5e2010 h1:U44Sb9xBNJi52Xgp+v/kccUj5m2/po+bgvz8aUtiFAI=
github.com/thkukuk/hugo-photoswipe5-gallery v0.0.0-20230911061506-e2a52e5e2010/go.mod h1:ga9kg6EoyqO4wdoGGGgiKyB2m5Yma/IP1ciOx9SEHu0=
github.com/twbs/bootstrap v5.3.2+incompatible/go.mod h1:fZTSrkpSf0/HkL0IIJzvVspTt1r9zuf7XlZau8kpcY0=
github.com/twbs/icons v1.11.3 h1:XhvrQ1XDom9ggBbQx3wQCFGEr8qAQwQP/dAcw8OXMtA=
github.com/twbs/icons v1.11.3/go.mod h1:GnRlymgVWp5iVJCMa0Me5b6tFyGpVc2bSxPMRGIJmyA=
